<?xml version="1.0" encoding="utf-8"?>
<Project ToolsVersion="4.0" xmlns="http://schemas.microsoft.com/developer/msbuild/2003">
  <ItemGroup>
    <ClCompile Include="main.cpp" />
    <ClCompile Include="BaseRunner.cpp">
      <Filter>Runner</Filter>
    </ClCompile>
    <ClCompile Include="GameObjectManager.cpp">
      <Filter>GameObject</Filter>
    </ClCompile>
    <ClCompile Include="AGameObject.cpp">
      <Filter>GameObject</Filter>
    </ClCompile>
    <ClCompile Include="BGObject.cpp">
      <Filter>GameObject\BGObject</Filter>
    </ClCompile>
    <ClCompile Include="TextureManager.cpp">
      <Filter>Texture</Filter>
    </ClCompile>
    <ClCompile Include="StringUtils.cpp">
      <Filter>Utils</Filter>
    </ClCompile>
    <ClCompile Include="IconObject.cpp">
      <Filter>GameObject\IconObject</Filter>
    </ClCompile>
    <ClCompile Include="FPSCounter.cpp">
      <Filter>FPS</Filter>
    </ClCompile>
    <ClCompile Include="TextureDisplay.cpp">
      <Filter>Texture</Filter>
    </ClCompile>
    <ClCompile Include="IExecutionEvent.cpp">
      <Filter>Thread</Filter>
    </ClCompile>
    <ClCompile Include="IETThread.cpp">
      <Filter>Thread</Filter>
    </ClCompile>
    <ClCompile Include="StreamAssetLoader.cpp">
      <Filter>Thread</Filter>
    </ClCompile>
    <ClCompile Include="ThreadPool.cpp">
      <Filter>Thread</Filter>
    </ClCompile>
    <ClCompile Include="PoolWorkerThread.cpp">
      <Filter>Thread</Filter>
    </ClCompile>
  </ItemGroup>
  <ItemGroup>
    <Filter Include="Runner">
      <UniqueIdentifier>{da975cfe-491d-421e-8b7f-b6b04df40225}</UniqueIdentifier>
    </Filter>
    <Filter Include="GameObject">
      <UniqueIdentifier>{8b629085-b03c-462e-b49c-300d2b6fb71a}</UniqueIdentifier>
    </Filter>
    <Filter Include="GameObject\BGObject">
      <UniqueIdentifier>{004aeec6-3ba2-4194-8fe6-9c4b0832c439}</UniqueIdentifier>
    </Filter>
    <Filter Include="Texture">
      <UniqueIdentifier>{ad9a02c3-3a50-413b-a598-575f009faf70}</UniqueIdentifier>
    </Filter>
    <Filter Include="Utils">
      <UniqueIdentifier>{54e736b7-71cc-484b-a142-91e96dd22cc1}</UniqueIdentifier>
    </Filter>
    <Filter Include="Thread">
      <UniqueIdentifier>{eda90226-4bab-4547-8278-31881f84fe07}</UniqueIdentifier>
    </Filter>
    <Filter Include="GameObject\IconObject">
      <UniqueIdentifier>{b4bbe2e7-020d-4900-82db-6f2a5349e401}</UniqueIdentifier>
    </Filter>
    <Filter Include="FPS">
      <UniqueIdentifier>{d486c74c-a090-41a3-aa65-6ea671c4cb1a}</UniqueIdentifier>
    </Filter>
  </ItemGroup>
  <ItemGroup>
    <ClInclude Include="GameObjectManager.h">
      <Filter>GameObject</Filter>
    </ClInclude>
    <ClInclude Include="AGameObject.h">
      <Filter>GameObject</Filter>
    </ClInclude>
    <ClInclude Include="TextureManager.h">
      <Filter>Texture</Filter>
    </ClInclude>
    <ClInclude Include="StringUtils.h">
      <Filter>Utils</Filter>
    </ClInclude>
    <ClInclude Include="IETThread.h">
      <Filter>Thread</Filter>
    </ClInclude>
    <ClInclude Include="BGObject.h">
      <Filter>GameObject\BGObject</Filter>
    </ClInclude>
    <ClInclude Include="IconObject.h">
      <Filter>GameObject\IconObject</Filter>
    </ClInclude>
    <ClInclude Include="FPSCounter.h">
      <Filter>FPS</Filter>
    </ClInclude>
    <ClInclude Include="TextureDisplay.h">
      <Filter>Texture</Filter>
    </ClInclude>
    <ClInclude Include="IExecutionEvent.h">
      <Filter>Thread</Filter>
    </ClInclude>
    <ClInclude Include="BaseRunner.h">
      <Filter>Runner</Filter>
    </ClInclude>
    <ClInclude Include="StreamAssetLoader.h">
      <Filter>Thread</Filter>
    </ClInclude>
    <ClInclude Include="ThreadPool.h">
      <Filter>Thread</Filter>
    </ClInclude>
    <ClInclude Include="IFinishedTask.h">
      <Filter>Thread</Filter>
    </ClInclude>
    <ClInclude Include="PoolWorkerThread.h">
      <Filter>Thread</Filter>
    </ClInclude>
    <ClInclude Include="IWorkerAction.h">
      <Filter>Thread</Filter>
    </ClInclude>
  </ItemGroup>
</Project>