<?xml version="1.0" encoding="utf-8"?>
<Project ToolsVersion="4.0" xmlns="http://schemas.microsoft.com/developer/msbuild/2003">
  <ItemGroup>
    <ClCompile Include="main.cpp" />
    <ClCompile Include="ImageSaver.cpp">
      <Filter>Utility</Filter>
    </ClCompile>
  </ItemGroup>
  <ItemGroup>
    <Filter Include="Hittable">
      <UniqueIdentifier>{38aa06dc-2965-4c80-be4f-33f11194ca99}</UniqueIdentifier>
    </Filter>
    <Filter Include="Math">
      <UniqueIdentifier>{53fe66cc-5fc6-4882-ac7b-41fd7bba7cba}</UniqueIdentifier>
    </Filter>
    <Filter Include="Utility">
      <UniqueIdentifier>{40612fe6-2b96-4483-b785-aa3216429e14}</UniqueIdentifier>
    </Filter>
    <Filter Include="Material">
      <UniqueIdentifier>{ab335c58-9b26-44e7-a06c-2774d45cddf8}</UniqueIdentifier>
    </Filter>
  </ItemGroup>
  <ItemGroup>
    <ClInclude Include="Vec3.h">
      <Filter>Math</Filter>
    </ClInclude>
    <ClInclude Include="Color.h">
      <Filter>Math</Filter>
    </ClInclude>
    <ClInclude Include="Ray.h">
      <Filter>Math</Filter>
    </ClInclude>
    <ClInclude Include="Hittable.h">
      <Filter>Hittable</Filter>
    </ClInclude>
    <ClInclude Include="Sphere.h">
      <Filter>Hittable</Filter>
    </ClInclude>
    <ClInclude Include="HittableList.h">
      <Filter>Hittable</Filter>
    </ClInclude>
    <ClInclude Include="Utils.h">
      <Filter>Utility</Filter>
    </ClInclude>
    <ClInclude Include="Interval.h">
      <Filter>Math</Filter>
    </ClInclude>
    <ClInclude Include="Camera.h" />
    <ClInclude Include="ImageSaver.h">
      <Filter>Utility</Filter>
    </ClInclude>
    <ClInclude Include="HitRecord.h">
      <Filter>Hittable</Filter>
    </ClInclude>
    <ClInclude Include="Material.h">
      <Filter>Material</Filter>
    </ClInclude>
    <ClInclude Include="LambertianMat.h">
      <Filter>Material</Filter>
    </ClInclude>
    <ClInclude Include="MetalMat.h">
      <Filter>Material</Filter>
    </ClInclude>
    <ClInclude Include="DielectricMat.h">
      <Filter>Material</Filter>
    </ClInclude>
  </ItemGroup>
</Project>